
Microsoft Visual Studio Solution File, Format Version 12.00
# Visual Studio 15
VisualStudioVersion = 15.0.28307.539
MinimumVisualStudioVersion = 10.0.40219.1
Project("{FAE04EC0-301F-11D3-BF4B-00C04F79EFBC}") = "O4", "O4\O4.csproj", "{9C262592-4A9A-46CF-A81B-DA534E03242F}"
EndProject
Global
	GlobalSection(SolutionConfigurationPlatforms) = preSolution
		Debug|Any CPU = Debug|Any CPU
		Release|Any CPU = Release|Any CPU
	EndGlobalSection
	GlobalSection(ProjectConfigurationPlatforms) = postSolution
		{9C262592-4A9A-46CF-A81B-DA534E03242F}.Debug|Any CPU.ActiveCfg = Debug|Any CPU
		{9C262592-4A9A-46CF-A81B-DA534E03242F}.Debug|Any CPU.Build.0 = Debug|Any CPU
		{9C262592-4A9A-46CF-A81B-DA534E03242F}.Release|Any CPU.ActiveCfg = Release|Any CPU
		{9C262592-4A9A-46CF-A81B-DA534E03242F}.Release|Any CPU.Build.0 = Release|Any CPU
	EndGlobalSection
	GlobalSection(SolutionProperties) = preSolution
		HideSolutionNode = FALSE
	EndGlobalSection
	GlobalSection(ExtensibilityGlobals) = postSolution
		SolutionGuid = {D5233B44-EC88-445C-B0FB-35D20FBC689B}
	EndGlobalSection
EndGlobal
